Microsoft Visual Studio Solution File, Format Version 11.00
# Visual Studio 2008

Project("{56D7243E-52D5-5C5D-7878-D56BD56E3178}") = "ratos", "Assembly-CSharp-firstpass.csproj", "{58D9210A-839E-0407-61D9-4D06DE79AAB6}"
EndProject
Project("{56D7243E-52D5-5C5D-7878-D56BD56E3178}") = "ratos", "Assembly-CSharp.csproj", "{DC858C58-CD39-A361-06D0-E7CFA5904630}"
EndProject
Project("{56D7243E-52D5-5C5D-7878-D56BD56E3178}") = "ratos", "Assembly-UnityScript-firstpass.unityproj", "{1E9DBB3D-AF10-C33F-5879-BCD60E94B4F5}"
EndProject
Project("{56D7243E-52D5-5C5D-7878-D56BD56E3178}") = "ratos", "Assembly-UnityScript.unityproj", "{56B6C7FF-4B16-7F28-ADBA-752D5930A0F3}"
EndProject
Global
	GlobalSection(SolutionConfigurationPlatforms) = preSolution
		Debug|Any CPU = Debug|Any CPU
		Release|Any CPU = Release|Any CPU
	EndGlobalSection
	GlobalSection(ProjectConfigurationPlatforms) = postSolution
		{58D9210A-839E-0407-61D9-4D06DE79AAB6}.Debug|Any CPU.ActiveCfg = Debug|Any CPU
		{58D9210A-839E-0407-61D9-4D06DE79AAB6}.Debug|Any CPU.Build.0 = Debug|Any CPU
		{58D9210A-839E-0407-61D9-4D06DE79AAB6}.Release|Any CPU.ActiveCfg = Release|Any CPU
		{58D9210A-839E-0407-61D9-4D06DE79AAB6}.Release|Any CPU.Build.0 = Release|Any CPU
		{DC858C58-CD39-A361-06D0-E7CFA5904630}.Debug|Any CPU.ActiveCfg = Debug|Any CPU
		{DC858C58-CD39-A361-06D0-E7CFA5904630}.Debug|Any CPU.Build.0 = Debug|Any CPU
		{DC858C58-CD39-A361-06D0-E7CFA5904630}.Release|Any CPU.ActiveCfg = Release|Any CPU
		{DC858C58-CD39-A361-06D0-E7CFA5904630}.Release|Any CPU.Build.0 = Release|Any CPU
		{1E9DBB3D-AF10-C33F-5879-BCD60E94B4F5}.Debug|Any CPU.ActiveCfg = Debug|Any CPU
		{1E9DBB3D-AF10-C33F-5879-BCD60E94B4F5}.Debug|Any CPU.Build.0 = Debug|Any CPU
		{1E9DBB3D-AF10-C33F-5879-BCD60E94B4F5}.Release|Any CPU.ActiveCfg = Release|Any CPU
		{1E9DBB3D-AF10-C33F-5879-BCD60E94B4F5}.Release|Any CPU.Build.0 = Release|Any CPU
		{56B6C7FF-4B16-7F28-ADBA-752D5930A0F3}.Debug|Any CPU.ActiveCfg = Debug|Any CPU
		{56B6C7FF-4B16-7F28-ADBA-752D5930A0F3}.Debug|Any CPU.Build.0 = Debug|Any CPU
		{56B6C7FF-4B16-7F28-ADBA-752D5930A0F3}.Release|Any CPU.ActiveCfg = Release|Any CPU
		{56B6C7FF-4B16-7F28-ADBA-752D5930A0F3}.Release|Any CPU.Build.0 = Release|Any CPU
	EndGlobalSection
	GlobalSection(SolutionProperties) = preSolution
		HideSolutionNode = FALSE
	EndGlobalSection
								GlobalSection(MonoDevelopProperties) = preSolution
		StartupItem = Assembly-CSharp.csproj
		Policies = $0
		$0.TextStylePolicy = $1
		$1.inheritsSet = null
		$1.scope = text/x-csharp
		$0.CSharpFormattingPolicy = $2
		$2.inheritsSet = Mono
		$2.inheritsScope = text/x-csharp
		$2.scope = text/x-csharp
		$0.TextStylePolicy = $3
		$3.FileWidth = 120
		$3.TabWidth = 4
		$3.EolMarker = Unix
		$3.inheritsSet = Mono
		$3.inheritsScope = text/plain
		$3.scope = text/plain
	EndGlobalSection

EndGlobal
